# THIS IS AN AUTOGENERATED FILE. DO NOT EDIT THIS FILE DIRECTLY.
# yarn lockfile v1


csv-generate@^3.1.0:
  version "3.1.0"
  resolved "https://registry.yarnpkg.com/csv-generate/-/csv-generate-3.1.0.tgz#c0512f1009fb943b311191b7552d8131339919c7"
  integrity sha512-k6xFK2e9JU4h1n4gSQKdZJSUQP+J130vSQ5cTtanhJX45r2kHtltJqe67DhEvNP8fVkJ6ShRn1gT0ZNRcb4nBA==

csv-parse@^4.0.1:
  version "4.0.1"
  resolved "https://registry.yarnpkg.com/csv-parse/-/csv-parse-4.0.1.tgz#4ad438352cbf12d5317d0fb9d588e53473293851"
  integrity sha512-ehkwejEj05wwO7Q9JD+YSI6dNMIauHIroNU1RALrmRrqPoZIwRnfBtgq5GkU6i2RxZOJqjo3dtI1NrVSXvaimA==

csv-stringify@^5.0.0:
  version "5.0.0"
  resolved "https://registry.yarnpkg.com/csv-stringify/-/csv-stringify-5.0.0.tgz#7248acd769a6cf74201fd43ded7b806dd51aff1f"
  integrity sha512-Zb2k2+oZcmQDn0nd0XpMTd8W+B2JfjI3kVfZBijYnw7zAx+K627z4LfvCfhP7B7dwyLmuzLOeuhW6T9HWIpQXg==
  dependencies:
    lodash.get "~4.4.2"

csv@^5.0.0:
  version "5.0.0"
  resolved "https://registry.yarnpkg.com/csv/-/csv-5.0.0.tgz#96d532a997ae036ef9cef6b325438e18aa89deae"
  integrity sha512-dYY1CpVmG9J8RGKzVsoemiHHzI2arUkIKt++flgw+zyrh7ohpWob8zYNWWxkmYKJsRjK65iijS1ONMRk6o6q6A==
  dependencies:
    csv-generate "^3.1.0"
    csv-parse "^4.0.1"
    csv-stringify "^5.0.0"
    stream-transform "^1.0.7"

esm@^3.0.84:
  version "3.0.84"
  resolved "https://registry.yarnpkg.com/esm/-/esm-3.0.84.tgz#bb108989f4673b32d4f62406869c28eed3815a63"
  integrity sha512-SzSGoZc17S7P+12R9cg21Bdb7eybX25RnIeRZ80xZs+VZ3kdQKzqTp2k4hZJjR7p9l0186TTXSgrxzlMDBktlw==

lodash.get@~4.4.2:
  version "4.4.2"
  resolved "https://registry.yarnpkg.com/lodash.get/-/lodash.get-4.4.2.tgz#2d177f652fa31e939b4438d5341499dfa3825e99"
  integrity sha1-LRd/ZS+jHpObRDjVNBSZ36OCXpk=

stream-transform@^1.0.7:
  version "1.0.7"
  resolved "https://registry.yarnpkg.com/stream-transform/-/stream-transform-1.0.7.tgz#5135dd6c29941a1179212da6083be2cacdebc15a"
  integrity sha512-bp27sM5lf75yOZAM0HfKgN7jub2FApKmXUVYnN/zuw4raqtinM3muxzd+ny262opnKvAg5PnMO66N4Eq928ayw==
